{
  "pins" : [
    {
      "identity" : "agorartcengine_ios",
      "kind" : "remoteSourceControl",
      "location" : "https://github.com/AgoraIO/AgoraRtcEngine_iOS",
      "state" : {
        "revision" : "93f6db721c54bdebbbe6ac46e9580b2c734afe5d",
        "version" : "3.6.2"
      }
    },
    {
      "identity" : "agorartm_ios",
      "kind" : "remoteSourceControl",
      "location" : "https://github.com/AgoraIO/AgoraRTM_iOS",
      "state" : {
        "revision" : "8d8d126da7e420798f39d1d95b6148eeb93971aa",
        "version" : "1.4.10"
      }
    }
  ],
  "version" : 2
}
