// !$*UTF8*$!
{
	archiveVersion = 1;
	classes = {
	};
	objectVersion = 50;
	objects = {

/* Begin PBXBuildFile section */
		142213F22B888A070068A519 /* SplashViewController.swift in Sources */ = {isa = PBXBuildFile; fileRef = 142213F02B888A070068A519 /* SplashViewController.swift */; };
		142213F32B888A070068A519 /* SplashViewController.xib in Resources */ = {isa = PBXBuildFile; fileRef = 142213F12B888A070068A519 /* SplashViewController.xib */; };
		142213F72B888A9E0068A519 /* RootViewController.swift in Sources */ = {isa = PBXBuildFile; fileRef = 142213F62B888A9E0068A519 /* RootViewController.swift */; };
		142214092B8C1E330068A519 /* Unity.swift in Sources */ = {isa = PBXBuildFile; fileRef = 142214082B8C1E330068A519 /* Unity.swift */; };
		1422140E2B8C1F510068A519 /* HostPresenter.swift in Sources */ = {isa = PBXBuildFile; fileRef = 1422140D2B8C1F510068A519 /* HostPresenter.swift */; };
		142214112B8C430A0068A519 /* MainTabBarController.swift in Sources */ = {isa = PBXBuildFile; fileRef = 142214102B8C430A0068A519 /* MainTabBarController.swift */; };
		142214152B8C43F40068A519 /* MainNavigationController.swift in Sources */ = {isa = PBXBuildFile; fileRef = 142214142B8C43F40068A519 /* MainNavigationController.swift */; };
		1422141C2B8C45330068A519 /* BoardViewController.swift in Sources */ = {isa = PBXBuildFile; fileRef = 1422141A2B8C45330068A519 /* BoardViewController.swift */; };
		1422141D2B8C45330068A519 /* BoardViewController.xib in Resources */ = {isa = PBXBuildFile; fileRef = 1422141B2B8C45330068A519 /* BoardViewController.xib */; };
		142214202B8C45480068A519 /* ConversationListViewController.swift in Sources */ = {isa = PBXBuildFile; fileRef = 1422141E2B8C45480068A519 /* ConversationListViewController.swift */; };
		142214212B8C45480068A519 /* ConversationListViewController.xib in Resources */ = {isa = PBXBuildFile; fileRef = 1422141F2B8C45480068A519 /* ConversationListViewController.xib */; };
		142214242B8C45610068A519 /* MyPageViewController.swift in Sources */ = {isa = PBXBuildFile; fileRef = 142214222B8C45610068A519 /* MyPageViewController.swift */; };
		142214252B8C45610068A519 /* MyPageViewController.xib in Resources */ = {isa = PBXBuildFile; fileRef = 142214232B8C45610068A519 /* MyPageViewController.xib */; };
		142214282B8C45750068A519 /* SearchUserViewController.swift in Sources */ = {isa = PBXBuildFile; fileRef = 142214262B8C45750068A519 /* SearchUserViewController.swift */; };
		142214292B8C45750068A519 /* SearchUserViewController.xib in Resources */ = {isa = PBXBuildFile; fileRef = 142214272B8C45750068A519 /* SearchUserViewController.xib */; };
		1422143D2B8C65BE0068A519 /* CallViewController.swift in Sources */ = {isa = PBXBuildFile; fileRef = 1422143B2B8C65BE0068A519 /* CallViewController.swift */; };
		1422143E2B8C65BE0068A519 /* CallViewController.xib in Resources */ = {isa = PBXBuildFile; fileRef = 1422143C2B8C65BE0068A519 /* CallViewController.xib */; };
		142214402B8C65D20068A519 /* CallPresenter.swift in Sources */ = {isa = PBXBuildFile; fileRef = 1422143F2B8C65D20068A519 /* CallPresenter.swift */; };
		144159602B8869E200AD3750 /* UnityFramework.framework in Frameworks */ = {isa = PBXBuildFile; fileRef = 1441595F2B8869E200AD3750 /* UnityFramework.framework */; };
		144159612B8869E200AD3750 /* UnityFramework.framework in Embed Frameworks */ = {isa = PBXBuildFile; fileRef = 1441595F2B8869E200AD3750 /* UnityFramework.framework */; settings = {ATTRIBUTES = (CodeSignOnCopy, RemoveHeadersOnCopy, ); }; };
		8CAE7EFE246E7722006A31CC /* HostViewController.swift in Sources */ = {isa = PBXBuildFile; fileRef = 8CAE7EFB246E7721006A31CC /* HostViewController.swift */; };
		8CAE7EFF246E7722006A31CC /* UnityUIView.swift in Sources */ = {isa = PBXBuildFile; fileRef = 8CAE7EFC246E7721006A31CC /* UnityUIView.swift */; };
		8CAE7F00246E7722006A31CC /* AppDelegate.swift in Sources */ = {isa = PBXBuildFile; fileRef = 8CAE7EFD246E7722006A31CC /* AppDelegate.swift */; };
		9D15FC4A2264A1600006315A /* Main.storyboard in Resources */ = {isa = PBXBuildFile; fileRef = 9D15FC482264A1600006315A /* Main.storyboard */; };
		9D15FC4C2264A1600006315A /* Assets.xcassets in Resources */ = {isa = PBXBuildFile; fileRef = 9D15FC4B2264A1600006315A /* Assets.xcassets */; };
		9D15FC4F2264A1600006315A /* LaunchScreen.storyboard in Resources */ = {isa = PBXBuildFile; fileRef = 9D15FC4D2264A1600006315A /* LaunchScreen.storyboard */; };
		9D78DAFD2265A7FC00274039 /* UIKit.framework in Frameworks */ = {isa = PBXBuildFile; fileRef = 9D78DAFC2265A7FC00274039 /* UIKit.framework */; };
/* End PBXBuildFile section */

/* Begin PBXCopyFilesBuildPhase section */
		144159622B8869E200AD3750 /* Embed Frameworks */ = {
			isa = PBXCopyFilesBuildPhase;
			buildActionMask = 2147483647;
			dstPath = "";
			dstSubfolderSpec = 10;
			files = (
				144159612B8869E200AD3750 /* UnityFramework.framework in Embed Frameworks */,
			);
			name = "Embed Frameworks";
			runOnlyForDeploymentPostprocessing = 0;
		};
/* End PBXCopyFilesBuildPhase section */

/* Begin PBXFileReference section */
		142213F02B888A070068A519 /* SplashViewController.swift */ = {isa = PBXFileReference; lastKnownFileType = sourcecode.swift; path = SplashViewController.swift; sourceTree = "<group>"; };
		142213F12B888A070068A519 /* SplashViewController.xib */ = {isa = PBXFileReference; lastKnownFileType = file.xib; path = SplashViewController.xib; sourceTree = "<group>"; };
		142213F62B888A9E0068A519 /* RootViewController.swift */ = {isa = PBXFileReference; lastKnownFileType = sourcecode.swift; path = RootViewController.swift; sourceTree = "<group>"; };
		142214082B8C1E330068A519 /* Unity.swift */ = {isa = PBXFileReference; lastKnownFileType = sourcecode.swift; path = Unity.swift; sourceTree = "<group>"; };
		1422140D2B8C1F510068A519 /* HostPresenter.swift */ = {isa = PBXFileReference; lastKnownFileType = sourcecode.swift; path = HostPresenter.swift; sourceTree = "<group>"; };
		142214102B8C430A0068A519 /* MainTabBarController.swift */ = {isa = PBXFileReference; lastKnownFileType = sourcecode.swift; path = MainTabBarController.swift; sourceTree = "<group>"; };
		142214142B8C43F40068A519 /* MainNavigationController.swift */ = {isa = PBXFileReference; lastKnownFileType = sourcecode.swift; path = MainNavigationController.swift; sourceTree = "<group>"; };
		1422141A2B8C45330068A519 /* BoardViewController.swift */ = {isa = PBXFileReference; lastKnownFileType = sourcecode.swift; path = BoardViewController.swift; sourceTree = "<group>"; };
		1422141B2B8C45330068A519 /* BoardViewController.xib */ = {isa = PBXFileReference; lastKnownFileType = file.xib; path = BoardViewController.xib; sourceTree = "<group>"; };
		1422141E2B8C45480068A519 /* ConversationListViewController.swift */ = {isa = PBXFileReference; lastKnownFileType = sourcecode.swift; path = ConversationListViewController.swift; sourceTree = "<group>"; };
		1422141F2B8C45480068A519 /* ConversationListViewController.xib */ = {isa = PBXFileReference; lastKnownFileType = file.xib; path = ConversationListViewController.xib; sourceTree = "<group>"; };
		142214222B8C45610068A519 /* MyPageViewController.swift */ = {isa = PBXFileReference; lastKnownFileType = sourcecode.swift; path = MyPageViewController.swift; sourceTree = "<group>"; };
		142214232B8C45610068A519 /* MyPageViewController.xib */ = {isa = PBXFileReference; lastKnownFileType = file.xib; path = MyPageViewController.xib; sourceTree = "<group>"; };
		142214262B8C45750068A519 /* SearchUserViewController.swift */ = {isa = PBXFileReference; lastKnownFileType = sourcecode.swift; path = SearchUserViewController.swift; sourceTree = "<group>"; };
		142214272B8C45750068A519 /* SearchUserViewController.xib */ = {isa = PBXFileReference; lastKnownFileType = file.xib; path = SearchUserViewController.xib; sourceTree = "<group>"; };
		1422143B2B8C65BE0068A519 /* CallViewController.swift */ = {isa = PBXFileReference; lastKnownFileType = sourcecode.swift; path = CallViewController.swift; sourceTree = "<group>"; };
		1422143C2B8C65BE0068A519 /* CallViewController.xib */ = {isa = PBXFileReference; lastKnownFileType = file.xib; path = CallViewController.xib; sourceTree = "<group>"; };
		1422143F2B8C65D20068A519 /* CallPresenter.swift */ = {isa = PBXFileReference; lastKnownFileType = sourcecode.swift; path = CallPresenter.swift; sourceTree = "<group>"; };
		1441595F2B8869E200AD3750 /* UnityFramework.framework */ = {isa = PBXFileReference; explicitFileType = wrapper.framework; path = UnityFramework.framework; sourceTree = BUILT_PRODUCTS_DIR; };
		8CAE7EE7246E6ADC006A31CC /* UnityFramework.framework */ = {isa = PBXFileReference; explicitFileType = wrapper.framework; path = UnityFramework.framework; sourceTree = BUILT_PRODUCTS_DIR; };
		8CAE7EFA246E7721006A31CC /* NativeiOSApp-Bridging-Header.h */ = {isa = PBXFileReference; lastKnownFileType = sourcecode.c.h; path = "NativeiOSApp-Bridging-Header.h"; sourceTree = "<group>"; };
		8CAE7EFB246E7721006A31CC /* HostViewController.swift */ = {isa = PBXFileReference; fileEncoding = 4; lastKnownFileType = sourcecode.swift; path = HostViewController.swift; sourceTree = "<group>"; };
		8CAE7EFC246E7721006A31CC /* UnityUIView.swift */ = {isa = PBXFileReference; fileEncoding = 4; lastKnownFileType = sourcecode.swift; path = UnityUIView.swift; sourceTree = "<group>"; };
		8CAE7EFD246E7722006A31CC /* AppDelegate.swift */ = {isa = PBXFileReference; fileEncoding = 4; lastKnownFileType = sourcecode.swift; path = AppDelegate.swift; sourceTree = "<group>"; };
		9D15FC3F2264A1600006315A /* NativeiOSApp.app */ = {isa = PBXFileReference; explicitFileType = wrapper.application; includeInIndex = 0; path = NativeiOSApp.app; sourceTree = BUILT_PRODUCTS_DIR; };
		9D15FC492264A1600006315A /* Base */ = {isa = PBXFileReference; lastKnownFileType = file.storyboard; name = Base; path = Base.lproj/Main.storyboard; sourceTree = "<group>"; };
		9D15FC4B2264A1600006315A /* Assets.xcassets */ = {isa = PBXFileReference; lastKnownFileType = folder.assetcatalog; path = Assets.xcassets; sourceTree = "<group>"; };
		9D15FC4E2264A1600006315A /* Base */ = {isa = PBXFileReference; lastKnownFileType = file.storyboard; name = Base; path = Base.lproj/LaunchScreen.storyboard; sourceTree = "<group>"; };
		9D15FC502264A1600006315A /* Info.plist */ = {isa = PBXFileReference; lastKnownFileType = text.plist.xml; path = Info.plist; sourceTree = "<group>"; };
		9D78DAFC2265A7FC00274039 /* UIKit.framework */ = {isa = PBXFileReference; lastKnownFileType = wrapper.framework; name = UIKit.framework; path = System/Library/Frameworks/UIKit.framework; sourceTree = SDKROOT; };
/* End PBXFileReference section */

/* Begin PBXFrameworksBuildPhase section */
		9D15FC3C2264A15F0006315A /* Frameworks */ = {
			isa = PBXFrameworksBuildPhase;
			buildActionMask = 2147483647;
			files = (
				9D78DAFD2265A7FC00274039 /* UIKit.framework in Frameworks */,
				144159602B8869E200AD3750 /* UnityFramework.framework in Frameworks */,
			);
			runOnlyForDeploymentPostprocessing = 0;
		};
/* End PBXFrameworksBuildPhase section */

/* Begin PBXGroup section */
		142213EC2B88885D0068A519 /* Presentation */ = {
			isa = PBXGroup;
			children = (
				142214182B8C44FF0068A519 /* Board */,
				142214382B8C65880068A519 /* Call */,
				142214172B8C44EE0068A519 /* ConversationList */,
				1422140A2B8C1F220068A519 /* Host */,
				142214192B8C45090068A519 /* MyPage */,
				142214162B8C44DD0068A519 /* SearchUser */,
				142213ED2B8888700068A519 /* Splash */,
				142213F42B888A5C0068A519 /* Util */,
			);
			path = Presentation;
			sourceTree = "<group>";
		};
		142213ED2B8888700068A519 /* Splash */ = {
			isa = PBXGroup;
			children = (
				1422140F2B8C3D070068A519 /* Presenter */,
				142213EE2B8888C10068A519 /* Controller */,
			);
			path = Splash;
			sourceTree = "<group>";
		};
		142213EE2B8888C10068A519 /* Controller */ = {
			isa = PBXGroup;
			children = (
				142213F02B888A070068A519 /* SplashViewController.swift */,
				142213F12B888A070068A519 /* SplashViewController.xib */,
			);
			path = Controller;
			sourceTree = "<group>";
		};
		142213F42B888A5C0068A519 /* Util */ = {
			isa = PBXGroup;
			children = (
				142214122B8C433A0068A519 /* Tab */,
				142213F62B888A9E0068A519 /* RootViewController.swift */,
				142214102B8C430A0068A519 /* MainTabBarController.swift */,
			);
			path = Util;
			sourceTree = "<group>";
		};
		142213F82B888DA10068A519 /* Domain */ = {
			isa = PBXGroup;
			children = (
				142213F92B888DB90068A519 /* Wrapper */,
			);
			path = Domain;
			sourceTree = "<group>";
		};
		142213F92B888DB90068A519 /* Wrapper */ = {
			isa = PBXGroup;
			children = (
				142214082B8C1E330068A519 /* Unity.swift */,
			);
			path = Wrapper;
			sourceTree = "<group>";
		};
		1422140A2B8C1F220068A519 /* Host */ = {
			isa = PBXGroup;
			children = (
				1422140C2B8C1F3D0068A519 /* Presenter */,
				1422140B2B8C1F300068A519 /* Controller */,
			);
			path = Host;
			sourceTree = "<group>";
		};
		1422140B2B8C1F300068A519 /* Controller */ = {
			isa = PBXGroup;
			children = (
				8CAE7EFB246E7721006A31CC /* HostViewController.swift */,
			);
			path = Controller;
			sourceTree = "<group>";
		};
		1422140C2B8C1F3D0068A519 /* Presenter */ = {
			isa = PBXGroup;
			children = (
				1422140D2B8C1F510068A519 /* HostPresenter.swift */,
			);
			path = Presenter;
			sourceTree = "<group>";
		};
		1422140F2B8C3D070068A519 /* Presenter */ = {
			isa = PBXGroup;
			children = (
			);
			path = Presenter;
			sourceTree = "<group>";
		};
		142214122B8C433A0068A519 /* Tab */ = {
			isa = PBXGroup;
			children = (
				142214132B8C43C70068A519 /* View */,
			);
			path = Tab;
			sourceTree = "<group>";
		};
		142214132B8C43C70068A519 /* View */ = {
			isa = PBXGroup;
			children = (
				142214142B8C43F40068A519 /* MainNavigationController.swift */,
			);
			path = View;
			sourceTree = "<group>";
		};
		142214162B8C44DD0068A519 /* SearchUser */ = {
			isa = PBXGroup;
			children = (
				142214262B8C45750068A519 /* SearchUserViewController.swift */,
				142214272B8C45750068A519 /* SearchUserViewController.xib */,
			);
			path = SearchUser;
			sourceTree = "<group>";
		};
		142214172B8C44EE0068A519 /* ConversationList */ = {
			isa = PBXGroup;
			children = (
				1422141E2B8C45480068A519 /* ConversationListViewController.swift */,
				1422141F2B8C45480068A519 /* ConversationListViewController.xib */,
			);
			path = ConversationList;
			sourceTree = "<group>";
		};
		142214182B8C44FF0068A519 /* Board */ = {
			isa = PBXGroup;
			children = (
				1422141A2B8C45330068A519 /* BoardViewController.swift */,
				1422141B2B8C45330068A519 /* BoardViewController.xib */,
			);
			path = Board;
			sourceTree = "<group>";
		};
		142214192B8C45090068A519 /* MyPage */ = {
			isa = PBXGroup;
			children = (
				142214222B8C45610068A519 /* MyPageViewController.swift */,
				142214232B8C45610068A519 /* MyPageViewController.xib */,
			);
			path = MyPage;
			sourceTree = "<group>";
		};
		142214382B8C65880068A519 /* Call */ = {
			isa = PBXGroup;
			children = (
				1422143A2B8C65A90068A519 /* Presenter */,
				142214392B8C65940068A519 /* Controller */,
			);
			path = Call;
			sourceTree = "<group>";
		};
		142214392B8C65940068A519 /* Controller */ = {
			isa = PBXGroup;
			children = (
				1422143B2B8C65BE0068A519 /* CallViewController.swift */,
				1422143C2B8C65BE0068A519 /* CallViewController.xib */,
			);
			path = Controller;
			sourceTree = "<group>";
		};
		1422143A2B8C65A90068A519 /* Presenter */ = {
			isa = PBXGroup;
			children = (
				1422143F2B8C65D20068A519 /* CallPresenter.swift */,
			);
			path = Presenter;
			sourceTree = "<group>";
		};
		9D15FC362264A15F0006315A = {
			isa = PBXGroup;
			children = (
				9D15FC412264A1600006315A /* NativeiOSApp */,
				9D15FC402264A1600006315A /* Products */,
				9D78DAFB2265A7FC00274039 /* Frameworks */,
			);
			sourceTree = "<group>";
		};
		9D15FC402264A1600006315A /* Products */ = {
			isa = PBXGroup;
			children = (
				9D15FC3F2264A1600006315A /* NativeiOSApp.app */,
			);
			name = Products;
			sourceTree = "<group>";
		};
		9D15FC412264A1600006315A /* NativeiOSApp */ = {
			isa = PBXGroup;
			children = (
				8CAE7EFD246E7722006A31CC /* AppDelegate.swift */,
				8CAE7EFC246E7721006A31CC /* UnityUIView.swift */,
				9D15FC482264A1600006315A /* Main.storyboard */,
				9D15FC4B2264A1600006315A /* Assets.xcassets */,
				9D15FC4D2264A1600006315A /* LaunchScreen.storyboard */,
				9D15FC502264A1600006315A /* Info.plist */,
				8CAE7EFA246E7721006A31CC /* NativeiOSApp-Bridging-Header.h */,
				142213F82B888DA10068A519 /* Domain */,
				142213EC2B88885D0068A519 /* Presentation */,
			);
			path = NativeiOSApp;
			sourceTree = "<group>";
		};
		9D78DAFB2265A7FC00274039 /* Frameworks */ = {
			isa = PBXGroup;
			children = (
				1441595F2B8869E200AD3750 /* UnityFramework.framework */,
				8CAE7EE7246E6ADC006A31CC /* UnityFramework.framework */,
				9D78DAFC2265A7FC00274039 /* UIKit.framework */,
			);
			name = Frameworks;
			sourceTree = "<group>";
		};
/* End PBXGroup section */

/* Begin PBXNativeTarget section */
		9D15FC3E2264A15F0006315A /* NativeiOSApp */ = {
			isa = PBXNativeTarget;
			buildConfigurationList = 9D15FC552264A1600006315A /* Build configuration list for PBXNativeTarget "NativeiOSApp" */;
			buildPhases = (
				9D15FC3B2264A15F0006315A /* Sources */,
				9D15FC3C2264A15F0006315A /* Frameworks */,
				9D15FC3D2264A15F0006315A /* Resources */,
				144159622B8869E200AD3750 /* Embed Frameworks */,
			);
			buildRules = (
			);
			dependencies = (
			);
			name = NativeiOSApp;
			productName = NativeiOSApp;
			productReference = 9D15FC3F2264A1600006315A /* NativeiOSApp.app */;
			productType = "com.apple.product-type.application";
		};
/* End PBXNativeTarget section */

/* Begin PBXProject section */
		9D15FC372264A15F0006315A /* Project object */ = {
			isa = PBXProject;
			attributes = {
				LastUpgradeCheck = 1010;
				ORGANIZATIONNAME = unity;
				TargetAttributes = {
					9D15FC3E2264A15F0006315A = {
						CreatedOnToolsVersion = 10.1;
						LastSwiftMigration = 1140;
					};
				};
			};
			buildConfigurationList = 9D15FC3A2264A15F0006315A /* Build configuration list for PBXProject "NativeiOSApp" */;
			compatibilityVersion = "Xcode 9.3";
			developmentRegion = en;
			hasScannedForEncodings = 0;
			knownRegions = (
				en,
				Base,
			);
			mainGroup = 9D15FC362264A15F0006315A;
			productRefGroup = 9D15FC402264A1600006315A /* Products */;
			projectDirPath = "";
			projectRoot = "";
			targets = (
				9D15FC3E2264A15F0006315A /* NativeiOSApp */,
			);
		};
/* End PBXProject section */

/* Begin PBXResourcesBuildPhase section */
		9D15FC3D2264A15F0006315A /* Resources */ = {
			isa = PBXResourcesBuildPhase;
			buildActionMask = 2147483647;
			files = (
				142214252B8C45610068A519 /* MyPageViewController.xib in Resources */,
				142214292B8C45750068A519 /* SearchUserViewController.xib in Resources */,
				9D15FC4F2264A1600006315A /* LaunchScreen.storyboard in Resources */,
				1422143E2B8C65BE0068A519 /* CallViewController.xib in Resources */,
				142214212B8C45480068A519 /* ConversationListViewController.xib in Resources */,
				9D15FC4C2264A1600006315A /* Assets.xcassets in Resources */,
				9D15FC4A2264A1600006315A /* Main.storyboard in Resources */,
				1422141D2B8C45330068A519 /* BoardViewController.xib in Resources */,
				142213F32B888A070068A519 /* SplashViewController.xib in Resources */,
			);
			runOnlyForDeploymentPostprocessing = 0;
		};
/* End PBXResourcesBuildPhase section */

/* Begin PBXSourcesBuildPhase section */
		9D15FC3B2264A15F0006315A /* Sources */ = {
			isa = PBXSourcesBuildPhase;
			buildActionMask = 2147483647;
			files = (
				142214152B8C43F40068A519 /* MainNavigationController.swift in Sources */,
				142214282B8C45750068A519 /* SearchUserViewController.swift in Sources */,
				142213F72B888A9E0068A519 /* RootViewController.swift in Sources */,
				8CAE7F00246E7722006A31CC /* AppDelegate.swift in Sources */,
				142214112B8C430A0068A519 /* MainTabBarController.swift in Sources */,
				142214202B8C45480068A519 /* ConversationListViewController.swift in Sources */,
				1422143D2B8C65BE0068A519 /* CallViewController.swift in Sources */,
				8CAE7EFE246E7722006A31CC /* HostViewController.swift in Sources */,
				142214402B8C65D20068A519 /* CallPresenter.swift in Sources */,
				1422140E2B8C1F510068A519 /* HostPresenter.swift in Sources */,
				142214242B8C45610068A519 /* MyPageViewController.swift in Sources */,
				8CAE7EFF246E7722006A31CC /* UnityUIView.swift in Sources */,
				142214092B8C1E330068A519 /* Unity.swift in Sources */,
				142213F22B888A070068A519 /* SplashViewController.swift in Sources */,
				1422141C2B8C45330068A519 /* BoardViewController.swift in Sources */,
			);
			runOnlyForDeploymentPostprocessing = 0;
		};
/* End PBXSourcesBuildPhase section */

/* Begin PBXVariantGroup section */
		9D15FC482264A1600006315A /* Main.storyboard */ = {
			isa = PBXVariantGroup;
			children = (
				9D15FC492264A1600006315A /* Base */,
			);
			name = Main.storyboard;
			sourceTree = "<group>";
		};
		9D15FC4D2264A1600006315A /* LaunchScreen.storyboard */ = {
			isa = PBXVariantGroup;
			children = (
				9D15FC4E2264A1600006315A /* Base */,
			);
			name = LaunchScreen.storyboard;
			sourceTree = "<group>";
		};
/* End PBXVariantGroup section */

/* Begin XCBuildConfiguration section */
		9D15FC532264A1600006315A /* Debug */ = {
			isa = XCBuildConfiguration;
			buildSettings = {
				ALWAYS_SEARCH_USER_PATHS = NO;
				CLANG_ANALYZER_NONNULL = YES;
				CLANG_ANALYZER_NUMBER_OBJECT_CONVERSION = YES_AGGRESSIVE;
				CLANG_CXX_LANGUAGE_STANDARD = "gnu++14";
				CLANG_CXX_LIBRARY = "libc++";
				CLANG_ENABLE_MODULES = YES;
				CLANG_ENABLE_OBJC_ARC = YES;
				CLANG_ENABLE_OBJC_WEAK = YES;
				CLANG_WARN_BLOCK_CAPTURE_AUTORELEASING = YES;
				CLANG_WARN_BOOL_CONVERSION = YES;
				CLANG_WARN_COMMA = YES;
				CLANG_WARN_CONSTANT_CONVERSION = YES;
				CLANG_WARN_DEPRECATED_OBJC_IMPLEMENTATIONS = YES;
				CLANG_WARN_DIRECT_OBJC_ISA_USAGE = YES_ERROR;
				CLANG_WARN_DOCUMENTATION_COMMENTS = YES;
				CLANG_WARN_EMPTY_BODY = YES;
				CLANG_WARN_ENUM_CONVERSION = YES;
				CLANG_WARN_INFINITE_RECURSION = YES;
				CLANG_WARN_INT_CONVERSION = YES;
				CLANG_WARN_NON_LITERAL_NULL_CONVERSION = YES;
				CLANG_WARN_OBJC_IMPLICIT_RETAIN_SELF = YES;
				CLANG_WARN_OBJC_LITERAL_CONVERSION = YES;
				CLANG_WARN_OBJC_ROOT_CLASS = YES_ERROR;
				CLANG_WARN_RANGE_LOOP_ANALYSIS = YES;
				CLANG_WARN_STRICT_PROTOTYPES = YES;
				CLANG_WARN_SUSPICIOUS_MOVE = YES;
				CLANG_WARN_UNGUARDED_AVAILABILITY = YES_AGGRESSIVE;
				CLANG_WARN_UNREACHABLE_CODE = YES;
				CLANG_WARN__DUPLICATE_METHOD_MATCH = YES;
				CODE_SIGN_IDENTITY = "iPhone Developer";
				COPY_PHASE_STRIP = NO;
				DEBUG_INFORMATION_FORMAT = dwarf;
				ENABLE_STRICT_OBJC_MSGSEND = YES;
				ENABLE_TESTABILITY = YES;
				GCC_C_LANGUAGE_STANDARD = gnu11;
				GCC_DYNAMIC_NO_PIC = NO;
				GCC_NO_COMMON_BLOCKS = YES;
				GCC_OPTIMIZATION_LEVEL = 0;
				GCC_PREPROCESSOR_DEFINITIONS = (
					"DEBUG=1",
					"$(inherited)",
				);
				GCC_WARN_64_TO_32_BIT_CONVERSION = YES;
				GCC_WARN_ABOUT_RETURN_TYPE = YES_ERROR;
				GCC_WARN_UNDECLARED_SELECTOR = YES;
				GCC_WARN_UNINITIALIZED_AUTOS = YES_AGGRESSIVE;
				GCC_WARN_UNUSED_FUNCTION = YES;
				GCC_WARN_UNUSED_VARIABLE = YES;
				IPHONEOS_DEPLOYMENT_TARGET = 12.1;
				MTL_ENABLE_DEBUG_INFO = INCLUDE_SOURCE;
				MTL_FAST_MATH = YES;
				ONLY_ACTIVE_ARCH = YES;
				SDKROOT = iphoneos;
			};
			name = Debug;
		};
		9D15FC542264A1600006315A /* Release */ = {
			isa = XCBuildConfiguration;
			buildSettings = {
				ALWAYS_SEARCH_USER_PATHS = NO;
				CLANG_ANALYZER_NONNULL = YES;
				CLANG_ANALYZER_NUMBER_OBJECT_CONVERSION = YES_AGGRESSIVE;
				CLANG_CXX_LANGUAGE_STANDARD = "gnu++14";
				CLANG_CXX_LIBRARY = "libc++";
				CLANG_ENABLE_MODULES = YES;
				CLANG_ENABLE_OBJC_ARC = YES;
				CLANG_ENABLE_OBJC_WEAK = YES;
				CLANG_WARN_BLOCK_CAPTURE_AUTORELEASING = YES;
				CLANG_WARN_BOOL_CONVERSION = YES;
				CLANG_WARN_COMMA = YES;
				CLANG_WARN_CONSTANT_CONVERSION = YES;
				CLANG_WARN_DEPRECATED_OBJC_IMPLEMENTATIONS = YES;
				CLANG_WARN_DIRECT_OBJC_ISA_USAGE = YES_ERROR;
				CLANG_WARN_DOCUMENTATION_COMMENTS = YES;
				CLANG_WARN_EMPTY_BODY = YES;
				CLANG_WARN_ENUM_CONVERSION = YES;
				CLANG_WARN_INFINITE_RECURSION = YES;
				CLANG_WARN_INT_CONVERSION = YES;
				CLANG_WARN_NON_LITERAL_NULL_CONVERSION = YES;
				CLANG_WARN_OBJC_IMPLICIT_RETAIN_SELF = YES;
				CLANG_WARN_OBJC_LITERAL_CONVERSION = YES;
				CLANG_WARN_OBJC_ROOT_CLASS = YES_ERROR;
				CLANG_WARN_RANGE_LOOP_ANALYSIS = YES;
				CLANG_WARN_STRICT_PROTOTYPES = YES;
				CLANG_WARN_SUSPICIOUS_MOVE = YES;
				CLANG_WARN_UNGUARDED_AVAILABILITY = YES_AGGRESSIVE;
				CLANG_WARN_UNREACHABLE_CODE = YES;
				CLANG_WARN__DUPLICATE_METHOD_MATCH = YES;
				CODE_SIGN_IDENTITY = "iPhone Developer";
				COPY_PHASE_STRIP = NO;
				DEBUG_INFORMATION_FORMAT = "dwarf-with-dsym";
				ENABLE_NS_ASSERTIONS = NO;
				ENABLE_STRICT_OBJC_MSGSEND = YES;
				GCC_C_LANGUAGE_STANDARD = gnu11;
				GCC_NO_COMMON_BLOCKS = YES;
				GCC_WARN_64_TO_32_BIT_CONVERSION = YES;
				GCC_WARN_ABOUT_RETURN_TYPE = YES_ERROR;
				GCC_WARN_UNDECLARED_SELECTOR = YES;
				GCC_WARN_UNINITIALIZED_AUTOS = YES_AGGRESSIVE;
				GCC_WARN_UNUSED_FUNCTION = YES;
				GCC_WARN_UNUSED_VARIABLE = YES;
				IPHONEOS_DEPLOYMENT_TARGET = 12.1;
				MTL_ENABLE_DEBUG_INFO = NO;
				MTL_FAST_MATH = YES;
				SDKROOT = iphoneos;
				VALIDATE_PRODUCT = YES;
			};
			name = Release;
		};
		9D15FC562264A1600006315A /* Debug */ = {
			isa = XCBuildConfiguration;
			buildSettings = {
				ASSETCATALOG_COMPILER_APPICON_NAME = AppIcon;
				CLANG_ENABLE_MODULES = YES;
				CODE_SIGN_STYLE = Automatic;
				DEVELOPMENT_TEAM = 9R884XKN56;
				INFOPLIST_FILE = NativeiOSApp/Info.plist;
				IPHONEOS_DEPLOYMENT_TARGET = 15.0;
				LD_RUNPATH_SEARCH_PATHS = (
					"$(inherited)",
					"@executable_path/Frameworks",
				);
				PRODUCT_BUNDLE_IDENTIFIER = com.unity.nativeiOSApp20240223;
				PRODUCT_NAME = "$(TARGET_NAME)";
				SWIFT_OBJC_BRIDGING_HEADER = "NativeiOSApp/NativeiOSApp-Bridging-Header.h";
				SWIFT_OPTIMIZATION_LEVEL = "-Onone";
				SWIFT_VERSION = 5.0;
				TARGETED_DEVICE_FAMILY = "1,2";
			};
			name = Debug;
		};
		9D15FC572264A1600006315A /* Release */ = {
			isa = XCBuildConfiguration;
			buildSettings = {
				ASSETCATALOG_COMPILER_APPICON_NAME = AppIcon;
				CLANG_ENABLE_MODULES = YES;
				CODE_SIGN_STYLE = Automatic;
				DEVELOPMENT_TEAM = 9R884XKN56;
				INFOPLIST_FILE = NativeiOSApp/Info.plist;
				IPHONEOS_DEPLOYMENT_TARGET = 15.0;
				LD_RUNPATH_SEARCH_PATHS = (
					"$(inherited)",
					"@executable_path/Frameworks",
				);
				PRODUCT_BUNDLE_IDENTIFIER = com.unity.nativeiOSApp20240223;
				PRODUCT_NAME = "$(TARGET_NAME)";
				SWIFT_OBJC_BRIDGING_HEADER = "NativeiOSApp/NativeiOSApp-Bridging-Header.h";
				SWIFT_VERSION = 5.0;
				TARGETED_DEVICE_FAMILY = "1,2";
			};
			name = Release;
		};
/* End XCBuildConfiguration section */

/* Begin XCConfigurationList section */
		9D15FC3A2264A15F0006315A /* Build configuration list for PBXProject "NativeiOSApp" */ = {
			isa = XCConfigurationList;
			buildConfigurations = (
				9D15FC532264A1600006315A /* Debug */,
				9D15FC542264A1600006315A /* Release */,
			);
			defaultConfigurationIsVisible = 0;
			defaultConfigurationName = Release;
		};
		9D15FC552264A1600006315A /* Build configuration list for PBXNativeTarget "NativeiOSApp" */ = {
			isa = XCConfigurationList;
			buildConfigurations = (
				9D15FC562264A1600006315A /* Debug */,
				9D15FC572264A1600006315A /* Release */,
			);
			defaultConfigurationIsVisible = 0;
			defaultConfigurationName = Release;
		};
/* End XCConfigurationList section */
	};
	rootObject = 9D15FC372264A15F0006315A /* Project object */;
}
